// !$*UTF8*$!
{
	archiveVersion = 1;
	classes = {
	};
	objectVersion = 46;
	objects = {

/* Begin PBXBuildFile section */
		46BEC92C2117C468004338C4 /* Alamofire.framework in Frameworks */ = {isa = PBXBuildFile; fileRef = 46BEC91E2117BB4A004338C4 /* Alamofire.framework */; };
		46BEC92D2117C468004338C4 /* AlamofireNetworkActivityIndicator.framework in Frameworks */ = {isa = PBXBuildFile; fileRef = 46BEC91F2117BB4A004338C4 /* AlamofireNetworkActivityIndicator.framework */; };
		46BEC92E2117C468004338C4 /* AlamofireNetworkActivityLogger.framework in Frameworks */ = {isa = PBXBuildFile; fileRef = 46BEC91C2117BB4A004338C4 /* AlamofireNetworkActivityLogger.framework */; };
		46BEC92F2117C468004338C4 /* Argo.framework in Frameworks */ = {isa = PBXBuildFile; fileRef = 46BEC9272117BDBB004338C4 /* Argo.framework */; };
		46BEC9302117C468004338C4 /* Curry.framework in Frameworks */ = {isa = PBXBuildFile; fileRef = 46BEC91B2117BB4A004338C4 /* Curry.framework */; };
		46BEC9312117C468004338C4 /* KeychainSwift.framework in Frameworks */ = {isa = PBXBuildFile; fileRef = 46BEC91D2117BB4A004338C4 /* KeychainSwift.framework */; };
		46BEC9322117C468004338C4 /* Networking.framework in Frameworks */ = {isa = PBXBuildFile; fileRef = 46BEC9262117BDBB004338C4 /* Networking.framework */; };
		46BEC9332117C468004338C4 /* Nimble.framework in Frameworks */ = {isa = PBXBuildFile; fileRef = 9D1F7A6F1CBED81900E20BE5 /* Nimble.framework */; };
		46BEC9342117C468004338C4 /* Quick.framework in Frameworks */ = {isa = PBXBuildFile; fileRef = 9D1F7A701CBED81900E20BE5 /* Quick.framework */; };
		46BEC9352117C468004338C4 /* ReactiveCocoa.framework in Frameworks */ = {isa = PBXBuildFile; fileRef = 9D6E40551CB1B939008CE558 /* ReactiveCocoa.framework */; };
		46BEC9362117C468004338C4 /* ReactiveSwift.framework in Frameworks */ = {isa = PBXBuildFile; fileRef = CED934871E8466A60017CF96 /* ReactiveSwift.framework */; };
		46BEC9372117C468004338C4 /* Result.framework in Frameworks */ = {isa = PBXBuildFile; fileRef = 9D6E40561CB1B93A008CE558 /* Result.framework */; };
		46BEC9382117C468004338C4 /* Runes.framework in Frameworks */ = {isa = PBXBuildFile; fileRef = 46BEC9252117BDBB004338C4 /* Runes.framework */; };
		46BEC9392117C468004338C4 /* WolmoCore.framework in Frameworks */ = {isa = PBXBuildFile; fileRef = 46BEC9192117B6C3004338C4 /* WolmoCore.framework */; };
		46BEC93B2117C468004338C4 /* ReactiveMapKit.framework in Frameworks */ = {isa = PBXBuildFile; fileRef = 46BEC93A2117C468004338C4 /* ReactiveMapKit.framework */; };
		46BEC9462117C765004338C4 /* User.swift in Sources */ = {isa = PBXBuildFile; fileRef = 46BEC9452117C765004338C4 /* User.swift */; };
		46BEC9492117C7AE004338C4 /* NetworkingBootstrapper.swift in Sources */ = {isa = PBXBuildFile; fileRef = 46BEC9482117C7AE004338C4 /* NetworkingBootstrapper.swift */; };
		46BEC94B2117DA4E004338C4 /* AuthUser.swift in Sources */ = {isa = PBXBuildFile; fileRef = 46BEC94A2117DA4E004338C4 /* AuthUser.swift */; };
		9D1575051CB1B27500EA395E /* AppDelegate.swift in Sources */ = {isa = PBXBuildFile; fileRef = 9D1575041CB1B27500EA395E /* AppDelegate.swift */; };
		9D1575071CB1B27500EA395E /* HomeViewController.swift in Sources */ = {isa = PBXBuildFile; fileRef = 9D1575061CB1B27500EA395E /* HomeViewController.swift */; };
		9D15750C1CB1B27500EA395E /* Assets.xcassets in Resources */ = {isa = PBXBuildFile; fileRef = 9D15750B1CB1B27500EA395E /* Assets.xcassets */; };
		9D15751A1CB1B27500EA395E /* WBooksTests.swift in Sources */ = {isa = PBXBuildFile; fileRef = 9D1575191CB1B27500EA395E /* WBooksTests.swift */; };
		9D1575251CB1B27500EA395E /* WBooksUITests.swift in Sources */ = {isa = PBXBuildFile; fileRef = 9D1575241CB1B27500EA395E /* WBooksUITests.swift */; };
		9D1F7A711CBED81900E20BE5 /* Nimble.framework in Frameworks */ = {isa = PBXBuildFile; fileRef = 9D1F7A6F1CBED81900E20BE5 /* Nimble.framework */; };
		9D1F7A721CBED81900E20BE5 /* Quick.framework in Frameworks */ = {isa = PBXBuildFile; fileRef = 9D1F7A701CBED81900E20BE5 /* Quick.framework */; };
		9D1F7A741CBED82900E20BE5 /* Nimble.framework in CopyFiles */ = {isa = PBXBuildFile; fileRef = 9D1F7A6F1CBED81900E20BE5 /* Nimble.framework */; settings = {ATTRIBUTES = (CodeSignOnCopy, RemoveHeadersOnCopy, ); }; };
		9D1F7A751CBED82900E20BE5 /* Quick.framework in CopyFiles */ = {isa = PBXBuildFile; fileRef = 9D1F7A701CBED81900E20BE5 /* Quick.framework */; settings = {ATTRIBUTES = (CodeSignOnCopy, RemoveHeadersOnCopy, ); }; };
		AE28F3D3213D9805007C54CA /* BookInformationViewController.swift in Sources */ = {isa = PBXBuildFile; fileRef = AE28F3D2213D9805007C54CA /* BookInformationViewController.swift */; };
		AE28F3D5213D9F05007C54CA /* BookInformationViewModel.swift in Sources */ = {isa = PBXBuildFile; fileRef = AE28F3D4213D9F05007C54CA /* BookInformationViewModel.swift */; };
		AE28F3D8213DA780007C54CA /* BookDetailsViewController.swift in Sources */ = {isa = PBXBuildFile; fileRef = AE28F3D7213DA780007C54CA /* BookDetailsViewController.swift */; };
		AE28F3DA213DC08B007C54CA /* BookDetailsViewModel.swift in Sources */ = {isa = PBXBuildFile; fileRef = AE28F3D9213DC08B007C54CA /* BookDetailsViewModel.swift */; };
		AE28F3DC213DC89F007C54CA /* BookDetailsView.swift in Sources */ = {isa = PBXBuildFile; fileRef = AE28F3DB213DC89F007C54CA /* BookDetailsView.swift */; };
		AE28F3DE213DCC08007C54CA /* BookDetailsView.xib in Resources */ = {isa = PBXBuildFile; fileRef = AE28F3DD213DCC08007C54CA /* BookDetailsView.xib */; };
		AE28F3E0213DE4E7007C54CA /* UIButton.swift in Sources */ = {isa = PBXBuildFile; fileRef = AE28F3DF213DE4E7007C54CA /* UIButton.swift */; };
		AE28F3E2213EE02E007C54CA /* UserRepository.swift in Sources */ = {isa = PBXBuildFile; fileRef = AE28F3E1213EE02E007C54CA /* UserRepository.swift */; };
		AE28F3E4213EE12F007C54CA /* User+BooksRepository.swift in Sources */ = {isa = PBXBuildFile; fileRef = AE28F3E3213EE12F007C54CA /* User+BooksRepository.swift */; };
		AE28F3E6213EE982007C54CA /* Rent.swift in Sources */ = {isa = PBXBuildFile; fileRef = AE28F3E5213EE982007C54CA /* Rent.swift */; };
		AE2E3AE921419F5200DE35AC /* AddNewView.swift in Sources */ = {isa = PBXBuildFile; fileRef = AE2E3AE721419F5200DE35AC /* AddNewView.swift */; };
		AE2E3AEA21419F5200DE35AC /* AddNewView.xib in Resources */ = {isa = PBXBuildFile; fileRef = AE2E3AE821419F5200DE35AC /* AddNewView.xib */; };
		AE2E3AEC2141A01100DE35AC /* AddNewViewController.swift in Sources */ = {isa = PBXBuildFile; fileRef = AE2E3AEB2141A01100DE35AC /* AddNewViewController.swift */; };
		AE2E3AEE2141A01B00DE35AC /* AddNewViewModel.swift in Sources */ = {isa = PBXBuildFile; fileRef = AE2E3AED2141A01B00DE35AC /* AddNewViewModel.swift */; };
		AE32611B2138269A001DD2C3 /* GeneralConstants.swift in Sources */ = {isa = PBXBuildFile; fileRef = AE32611A2138269A001DD2C3 /* GeneralConstants.swift */; };
		AE32612021389D5C001DD2C3 /* BookInformationView.swift in Sources */ = {isa = PBXBuildFile; fileRef = AE32611F21389D5C001DD2C3 /* BookInformationView.swift */; };
		AE32612221389D66001DD2C3 /* BookInformationView.xib in Resources */ = {isa = PBXBuildFile; fileRef = AE32612121389D66001DD2C3 /* BookInformationView.xib */; };
		AE65C8C42130405200925C9B /* BooksViewModel.swift in Sources */ = {isa = PBXBuildFile; fileRef = AE65C8C32130405200925C9B /* BooksViewModel.swift */; };
		AE65C8C62130409A00925C9B /* Book.swift in Sources */ = {isa = PBXBuildFile; fileRef = AE65C8C52130409A00925C9B /* Book.swift */; };
		AE696A1F213589EB00545F9E /* ImageFetcher.swift in Sources */ = {isa = PBXBuildFile; fileRef = AE696A1E213589EB00545F9E /* ImageFetcher.swift */; };
		AE696A212135A73200545F9E /* SignalProducer.swift in Sources */ = {isa = PBXBuildFile; fileRef = AE696A202135A73200545F9E /* SignalProducer.swift */; };
		AE696A242135ED0B00545F9E /* UIViewController.swift in Sources */ = {isa = PBXBuildFile; fileRef = AE696A232135ED0B00545F9E /* UIViewController.swift */; };
		AE696A262135FC8900545F9E /* UIVIew.swift in Sources */ = {isa = PBXBuildFile; fileRef = AE696A252135FC8900545F9E /* UIVIew.swift */; };
		AE6E1B3A21403E870090E2F3 /* PublicMethods.swift in Sources */ = {isa = PBXBuildFile; fileRef = AE6E1B3921403E870090E2F3 /* PublicMethods.swift */; };
		AE7144E7212C7CEB00C06BE4 /* LibraryViewModel.swift in Sources */ = {isa = PBXBuildFile; fileRef = AE7144E6212C7CEB00C06BE4 /* LibraryViewModel.swift */; };
		AE7144EA212C7F8800C06BE4 /* BooksRepository.swift in Sources */ = {isa = PBXBuildFile; fileRef = AE7144E9212C7F8800C06BE4 /* BooksRepository.swift */; };
		AE7144EE212CABFB00C06BE4 /* LibraryViewController.swift in Sources */ = {isa = PBXBuildFile; fileRef = AE7144ED212CABFB00C06BE4 /* LibraryViewController.swift */; };
		AE88A6D62142C71800B7CE07 /* MediaPickerService.swift in Sources */ = {isa = PBXBuildFile; fileRef = AE88A6D52142C71800B7CE07 /* MediaPickerService.swift */; };
		AE88A6D82142C77200B7CE07 /* UIImagePickerController.swift in Sources */ = {isa = PBXBuildFile; fileRef = AE88A6D72142C77200B7CE07 /* UIImagePickerController.swift */; };
		AEB2087B2127568C0031776C /* BookTableViewCell.swift in Sources */ = {isa = PBXBuildFile; fileRef = AEB208792127568C0031776C /* BookTableViewCell.swift */; };
		AEB2087C2127568C0031776C /* BookTableViewCell.xib in Resources */ = {isa = PBXBuildFile; fileRef = AEB2087A2127568C0031776C /* BookTableViewCell.xib */; };
		AEB2088A21275F0C0031776C /* SFUIText-Bold.ttf in Resources */ = {isa = PBXBuildFile; fileRef = AEB2088721275EEE0031776C /* SFUIText-Bold.ttf */; };
		AEB2088B21275F0C0031776C /* SFUIText-Heavy.ttf in Resources */ = {isa = PBXBuildFile; fileRef = AEB2088821275EEE0031776C /* SFUIText-Heavy.ttf */; };
		AEB2088C21275F0C0031776C /* SFUIText-Medium.ttf in Resources */ = {isa = PBXBuildFile; fileRef = AEB2088521275EEE0031776C /* SFUIText-Medium.ttf */; };
		AEB2088D21275F0C0031776C /* SFUIText-Regular.ttf in Resources */ = {isa = PBXBuildFile; fileRef = AEB2088921275EEF0031776C /* SFUIText-Regular.ttf */; };
		AEB2088E21275F0C0031776C /* SFUIText-Semibold.ttf in Resources */ = {isa = PBXBuildFile; fileRef = AEB2088621275EEE0031776C /* SFUIText-Semibold.ttf */; };
		AEB208912127610E0031776C /* BooksTableViewController.swift in Sources */ = {isa = PBXBuildFile; fileRef = AEB2088F2127610E0031776C /* BooksTableViewController.swift */; };
		AEB208922127610E0031776C /* BooksTableView.xib in Resources */ = {isa = PBXBuildFile; fileRef = AEB208902127610E0031776C /* BooksTableView.xib */; };
		AEB20896212763820031776C /* BooksTableView.swift in Sources */ = {isa = PBXBuildFile; fileRef = AEB20895212763820031776C /* BooksTableView.swift */; };
		AEFD614421276BC000DFF419 /* LaunchScreen.storyboard in Resources */ = {isa = PBXBuildFile; fileRef = AEFD614321276BC000DFF419 /* LaunchScreen.storyboard */; };
		CEB934DD1D21992100DF75C2 /* Environment.swift in Sources */ = {isa = PBXBuildFile; fileRef = CEB934DC1D21992100DF75C2 /* Environment.swift */; };
/* End PBXBuildFile section */

/* Begin PBXContainerItemProxy section */
		9D1575161CB1B27500EA395E /* PBXContainerItemProxy */ = {
			isa = PBXContainerItemProxy;
			containerPortal = 9D1574F91CB1B27500EA395E /* Project object */;
			proxyType = 1;
			remoteGlobalIDString = 9D1575001CB1B27500EA395E;
			remoteInfo = WBooks;
		};
		9D1575211CB1B27500EA395E /* PBXContainerItemProxy */ = {
			isa = PBXContainerItemProxy;
			containerPortal = 9D1574F91CB1B27500EA395E /* Project object */;
			proxyType = 1;
			remoteGlobalIDString = 9D1575001CB1B27500EA395E;
			remoteInfo = WBooks;
		};
/* End PBXContainerItemProxy section */

/* Begin PBXCopyFilesBuildPhase section */
		9D1F7A731CBED81F00E20BE5 /* CopyFiles */ = {
			isa = PBXCopyFilesBuildPhase;
			buildActionMask = 2147483647;
			dstPath = "";
			dstSubfolderSpec = 10;
			files = (
				9D1F7A741CBED82900E20BE5 /* Nimble.framework in CopyFiles */,
				9D1F7A751CBED82900E20BE5 /* Quick.framework in CopyFiles */,
			);
			runOnlyForDeploymentPostprocessing = 0;
		};
/* End PBXCopyFilesBuildPhase section */

/* Begin PBXFileReference section */
		46BEC9192117B6C3004338C4 /* WolmoCore.framework */ = {isa = PBXFileReference; lastKnownFileType = wrapper.framework; name = WolmoCore.framework; path = Carthage/Build/iOS/WolmoCore.framework; sourceTree = "<group>"; };
		46BEC91B2117BB4A004338C4 /* Curry.framework */ = {isa = PBXFileReference; lastKnownFileType = wrapper.framework; name = Curry.framework; path = Carthage/Build/iOS/Curry.framework; sourceTree = "<group>"; };
		46BEC91C2117BB4A004338C4 /* AlamofireNetworkActivityLogger.framework */ = {isa = PBXFileReference; lastKnownFileType = wrapper.framework; name = AlamofireNetworkActivityLogger.framework; path = Carthage/Build/iOS/AlamofireNetworkActivityLogger.framework; sourceTree = "<group>"; };
		46BEC91D2117BB4A004338C4 /* KeychainSwift.framework */ = {isa = PBXFileReference; lastKnownFileType = wrapper.framework; name = KeychainSwift.framework; path = Carthage/Build/iOS/KeychainSwift.framework; sourceTree = "<group>"; };
		46BEC91E2117BB4A004338C4 /* Alamofire.framework */ = {isa = PBXFileReference; lastKnownFileType = wrapper.framework; name = Alamofire.framework; path = Carthage/Build/iOS/Alamofire.framework; sourceTree = "<group>"; };
		46BEC91F2117BB4A004338C4 /* AlamofireNetworkActivityIndicator.framework */ = {isa = PBXFileReference; lastKnownFileType = wrapper.framework; name = AlamofireNetworkActivityIndicator.framework; path = Carthage/Build/iOS/AlamofireNetworkActivityIndicator.framework; sourceTree = "<group>"; };
		46BEC9252117BDBB004338C4 /* Runes.framework */ = {isa = PBXFileReference; lastKnownFileType = wrapper.framework; name = Runes.framework; path = Carthage/Build/iOS/Runes.framework; sourceTree = "<group>"; };
		46BEC9262117BDBB004338C4 /* Networking.framework */ = {isa = PBXFileReference; lastKnownFileType = wrapper.framework; name = Networking.framework; path = Carthage/Build/iOS/Networking.framework; sourceTree = "<group>"; };
		46BEC9272117BDBB004338C4 /* Argo.framework */ = {isa = PBXFileReference; lastKnownFileType = wrapper.framework; name = Argo.framework; path = Carthage/Build/iOS/Argo.framework; sourceTree = "<group>"; };
		46BEC93A2117C468004338C4 /* ReactiveMapKit.framework */ = {isa = PBXFileReference; lastKnownFileType = wrapper.framework; name = ReactiveMapKit.framework; path = Carthage/Build/iOS/ReactiveMapKit.framework; sourceTree = "<group>"; };
		46BEC9452117C765004338C4 /* User.swift */ = {isa = PBXFileReference; lastKnownFileType = sourcecode.swift; path = User.swift; sourceTree = "<group>"; };
		46BEC9482117C7AE004338C4 /* NetworkingBootstrapper.swift */ = {isa = PBXFileReference; lastKnownFileType = sourcecode.swift; path = NetworkingBootstrapper.swift; sourceTree = "<group>"; };
		46BEC94A2117DA4E004338C4 /* AuthUser.swift */ = {isa = PBXFileReference; lastKnownFileType = sourcecode.swift; path = AuthUser.swift; sourceTree = "<group>"; };
		9D1575011CB1B27500EA395E /* WBooks.app */ = {isa = PBXFileReference; explicitFileType = wrapper.application; includeInIndex = 0; path = WBooks.app; sourceTree = BUILT_PRODUCTS_DIR; };
		9D1575041CB1B27500EA395E /* AppDelegate.swift */ = {isa = PBXFileReference; lastKnownFileType = sourcecode.swift; path = AppDelegate.swift; sourceTree = "<group>"; };
		9D1575061CB1B27500EA395E /* HomeViewController.swift */ = {isa = PBXFileReference; lastKnownFileType = sourcecode.swift; path = HomeViewController.swift; sourceTree = "<group>"; };
		9D15750B1CB1B27500EA395E /* Assets.xcassets */ = {isa = PBXFileReference; lastKnownFileType = folder.assetcatalog; path = Assets.xcassets; sourceTree = "<group>"; };
		9D1575101CB1B27500EA395E /* Info.plist */ = {isa = PBXFileReference; lastKnownFileType = text.plist.xml; path = Info.plist; sourceTree = "<group>"; };
		9D1575151CB1B27500EA395E /* WBooksTests.xctest */ = {isa = PBXFileReference; explicitFileType = wrapper.cfbundle; includeInIndex = 0; path = WBooksTests.xctest; sourceTree = BUILT_PRODUCTS_DIR; };
		9D1575191CB1B27500EA395E /* WBooksTests.swift */ = {isa = PBXFileReference; lastKnownFileType = sourcecode.swift; path = WBooksTests.swift; sourceTree = "<group>"; };
		9D15751B1CB1B27500EA395E /* Info.plist */ = {isa = PBXFileReference; lastKnownFileType = text.plist.xml; path = Info.plist; sourceTree = "<group>"; };
		9D1575201CB1B27500EA395E /* WBooksUITests.xctest */ = {isa = PBXFileReference; explicitFileType = wrapper.cfbundle; includeInIndex = 0; path = WBooksUITests.xctest; sourceTree = BUILT_PRODUCTS_DIR; };
		9D1575241CB1B27500EA395E /* WBooksUITests.swift */ = {isa = PBXFileReference; lastKnownFileType = sourcecode.swift; path = WBooksUITests.swift; sourceTree = "<group>"; };
		9D1575261CB1B27500EA395E /* Info.plist */ = {isa = PBXFileReference; lastKnownFileType = text.plist.xml; path = Info.plist; sourceTree = "<group>"; };
		9D1F7A6F1CBED81900E20BE5 /* Nimble.framework */ = {isa = PBXFileReference; lastKnownFileType = wrapper.framework; name = Nimble.framework; path = Carthage/Build/iOS/Nimble.framework; sourceTree = "<group>"; };
		9D1F7A701CBED81900E20BE5 /* Quick.framework */ = {isa = PBXFileReference; lastKnownFileType = wrapper.framework; name = Quick.framework; path = Carthage/Build/iOS/Quick.framework; sourceTree = "<group>"; };
		9D6E40551CB1B939008CE558 /* ReactiveCocoa.framework */ = {isa = PBXFileReference; lastKnownFileType = wrapper.framework; name = ReactiveCocoa.framework; path = Carthage/Build/iOS/ReactiveCocoa.framework; sourceTree = "<group>"; };
		9D6E40561CB1B93A008CE558 /* Result.framework */ = {isa = PBXFileReference; lastKnownFileType = wrapper.framework; name = Result.framework; path = Carthage/Build/iOS/Result.framework; sourceTree = "<group>"; };
		AE28F3D2213D9805007C54CA /* BookInformationViewController.swift */ = {isa = PBXFileReference; lastKnownFileType = sourcecode.swift; path = BookInformationViewController.swift; sourceTree = "<group>"; };
		AE28F3D4213D9F05007C54CA /* BookInformationViewModel.swift */ = {isa = PBXFileReference; lastKnownFileType = sourcecode.swift; path = BookInformationViewModel.swift; sourceTree = "<group>"; };
		AE28F3D7213DA780007C54CA /* BookDetailsViewController.swift */ = {isa = PBXFileReference; lastKnownFileType = sourcecode.swift; path = BookDetailsViewController.swift; sourceTree = "<group>"; };
		AE28F3D9213DC08B007C54CA /* BookDetailsViewModel.swift */ = {isa = PBXFileReference; lastKnownFileType = sourcecode.swift; path = BookDetailsViewModel.swift; sourceTree = "<group>"; };
		AE28F3DB213DC89F007C54CA /* BookDetailsView.swift */ = {isa = PBXFileReference; lastKnownFileType = sourcecode.swift; path = BookDetailsView.swift; sourceTree = "<group>"; };
		AE28F3DD213DCC08007C54CA /* BookDetailsView.xib */ = {isa = PBXFileReference; lastKnownFileType = file.xib; path = BookDetailsView.xib; sourceTree = "<group>"; };
		AE28F3DF213DE4E7007C54CA /* UIButton.swift */ = {isa = PBXFileReference; lastKnownFileType = sourcecode.swift; path = UIButton.swift; sourceTree = "<group>"; };
		AE28F3E1213EE02E007C54CA /* UserRepository.swift */ = {isa = PBXFileReference; lastKnownFileType = sourcecode.swift; path = UserRepository.swift; sourceTree = "<group>"; };
		AE28F3E3213EE12F007C54CA /* User+BooksRepository.swift */ = {isa = PBXFileReference; lastKnownFileType = sourcecode.swift; path = "User+BooksRepository.swift"; sourceTree = "<group>"; };
		AE28F3E5213EE982007C54CA /* Rent.swift */ = {isa = PBXFileReference; lastKnownFileType = sourcecode.swift; path = Rent.swift; sourceTree = "<group>"; };
		AE2E3AE721419F5200DE35AC /* AddNewView.swift */ = {isa = PBXFileReference; lastKnownFileType = sourcecode.swift; path = AddNewView.swift; sourceTree = "<group>"; };
		AE2E3AE821419F5200DE35AC /* AddNewView.xib */ = {isa = PBXFileReference; lastKnownFileType = file.xib; path = AddNewView.xib; sourceTree = "<group>"; };
		AE2E3AEB2141A01100DE35AC /* AddNewViewController.swift */ = {isa = PBXFileReference; lastKnownFileType = sourcecode.swift; path = AddNewViewController.swift; sourceTree = "<group>"; };
		AE2E3AED2141A01B00DE35AC /* AddNewViewModel.swift */ = {isa = PBXFileReference; lastKnownFileType = sourcecode.swift; path = AddNewViewModel.swift; sourceTree = "<group>"; };
		AE32611A2138269A001DD2C3 /* GeneralConstants.swift */ = {isa = PBXFileReference; lastKnownFileType = sourcecode.swift; path = GeneralConstants.swift; sourceTree = "<group>"; };
		AE32611F21389D5C001DD2C3 /* BookInformationView.swift */ = {isa = PBXFileReference; lastKnownFileType = sourcecode.swift; path = BookInformationView.swift; sourceTree = "<group>"; };
		AE32612121389D66001DD2C3 /* BookInformationView.xib */ = {isa = PBXFileReference; lastKnownFileType = file.xib; path = BookInformationView.xib; sourceTree = "<group>"; };
		AE65C8C32130405200925C9B /* BooksViewModel.swift */ = {isa = PBXFileReference; lastKnownFileType = sourcecode.swift; path = BooksViewModel.swift; sourceTree = "<group>"; };
		AE65C8C52130409A00925C9B /* Book.swift */ = {isa = PBXFileReference; lastKnownFileType = sourcecode.swift; path = Book.swift; sourceTree = "<group>"; };
		AE696A1E213589EB00545F9E /* ImageFetcher.swift */ = {isa = PBXFileReference; lastKnownFileType = sourcecode.swift; path = ImageFetcher.swift; sourceTree = "<group>"; };
		AE696A202135A73200545F9E /* SignalProducer.swift */ = {isa = PBXFileReference; lastKnownFileType = sourcecode.swift; path = SignalProducer.swift; sourceTree = "<group>"; };
		AE696A232135ED0B00545F9E /* UIViewController.swift */ = {isa = PBXFileReference; lastKnownFileType = sourcecode.swift; path = UIViewController.swift; sourceTree = "<group>"; };
		AE696A252135FC8900545F9E /* UIVIew.swift */ = {isa = PBXFileReference; lastKnownFileType = sourcecode.swift; path = UIVIew.swift; sourceTree = "<group>"; };
		AE6E1B3921403E870090E2F3 /* PublicMethods.swift */ = {isa = PBXFileReference; lastKnownFileType = sourcecode.swift; path = PublicMethods.swift; sourceTree = "<group>"; };
		AE7144E6212C7CEB00C06BE4 /* LibraryViewModel.swift */ = {isa = PBXFileReference; lastKnownFileType = sourcecode.swift; path = LibraryViewModel.swift; sourceTree = "<group>"; };
		AE7144E9212C7F8800C06BE4 /* BooksRepository.swift */ = {isa = PBXFileReference; lastKnownFileType = sourcecode.swift; path = BooksRepository.swift; sourceTree = "<group>"; };
		AE7144ED212CABFB00C06BE4 /* LibraryViewController.swift */ = {isa = PBXFileReference; lastKnownFileType = sourcecode.swift; path = LibraryViewController.swift; sourceTree = "<group>"; };
		AE88A6D52142C71800B7CE07 /* MediaPickerService.swift */ = {isa = PBXFileReference; lastKnownFileType = sourcecode.swift; path = MediaPickerService.swift; sourceTree = "<group>"; };
		AE88A6D72142C77200B7CE07 /* UIImagePickerController.swift */ = {isa = PBXFileReference; lastKnownFileType = sourcecode.swift; path = UIImagePickerController.swift; sourceTree = "<group>"; };
		AEB208792127568C0031776C /* BookTableViewCell.swift */ = {isa = PBXFileReference; lastKnownFileType = sourcecode.swift; path = BookTableViewCell.swift; sourceTree = "<group>"; };
		AEB2087A2127568C0031776C /* BookTableViewCell.xib */ = {isa = PBXFileReference; lastKnownFileType = file.xib; path = BookTableViewCell.xib; sourceTree = "<group>"; };
		AEB2088521275EEE0031776C /* SFUIText-Medium.ttf */ = {isa = PBXFileReference; lastKnownFileType = file; path = "SFUIText-Medium.ttf"; sourceTree = "<group>"; };
		AEB2088621275EEE0031776C /* SFUIText-Semibold.ttf */ = {isa = PBXFileReference; lastKnownFileType = file; path = "SFUIText-Semibold.ttf"; sourceTree = "<group>"; };
		AEB2088721275EEE0031776C /* SFUIText-Bold.ttf */ = {isa = PBXFileReference; lastKnownFileType = file; path = "SFUIText-Bold.ttf"; sourceTree = "<group>"; };
		AEB2088821275EEE0031776C /* SFUIText-Heavy.ttf */ = {isa = PBXFileReference; lastKnownFileType = file; path = "SFUIText-Heavy.ttf"; sourceTree = "<group>"; };
		AEB2088921275EEF0031776C /* SFUIText-Regular.ttf */ = {isa = PBXFileReference; lastKnownFileType = file; path = "SFUIText-Regular.ttf"; sourceTree = "<group>"; };
		AEB2088F2127610E0031776C /* BooksTableViewController.swift */ = {isa = PBXFileReference; lastKnownFileType = sourcecode.swift; path = BooksTableViewController.swift; sourceTree = "<group>"; };
		AEB208902127610E0031776C /* BooksTableView.xib */ = {isa = PBXFileReference; lastKnownFileType = file.xib; path = BooksTableView.xib; sourceTree = "<group>"; };
		AEB20895212763820031776C /* BooksTableView.swift */ = {isa = PBXFileReference; lastKnownFileType = sourcecode.swift; path = BooksTableView.swift; sourceTree = "<group>"; };
		AEB20897212769C00031776C /* Debug.xcconfig */ = {isa = PBXFileReference; lastKnownFileType = text.xcconfig; path = Debug.xcconfig; sourceTree = "<group>"; };
		AEB2089821276A000031776C /* Alpha.xcconfig */ = {isa = PBXFileReference; lastKnownFileType = text.xcconfig; path = Alpha.xcconfig; sourceTree = "<group>"; };
		AEB2089921276A0C0031776C /* Release.xcconfig */ = {isa = PBXFileReference; lastKnownFileType = text.xcconfig; path = Release.xcconfig; sourceTree = "<group>"; };
		AEB2089A21276A180031776C /* Production.xcconfig */ = {isa = PBXFileReference; lastKnownFileType = text.xcconfig; path = Production.xcconfig; sourceTree = "<group>"; };
		AEFD614321276BC000DFF419 /* LaunchScreen.storyboard */ = {isa = PBXFileReference; fileEncoding = 4; lastKnownFileType = file.storyboard; path = LaunchScreen.storyboard; sourceTree = "<group>"; };
		CEB934DC1D21992100DF75C2 /* Environment.swift */ = {isa = PBXFileReference; fileEncoding = 4; lastKnownFileType = sourcecode.swift; path = Environment.swift; sourceTree = "<group>"; };
		CED934871E8466A60017CF96 /* ReactiveSwift.framework */ = {isa = PBXFileReference; lastKnownFileType = wrapper.framework; name = ReactiveSwift.framework; path = Carthage/Build/iOS/ReactiveSwift.framework; sourceTree = "<group>"; };
		E1530D9D1ED382EA002A9002 /* SystemConfiguration.framework */ = {isa = PBXFileReference; lastKnownFileType = wrapper.framework; name = SystemConfiguration.framework; path = System/Library/Frameworks/SystemConfiguration.framework; sourceTree = SDKROOT; };
/* End PBXFileReference section */

/* Begin PBXFrameworksBuildPhase section */
		9D1574FE1CB1B27500EA395E /* Frameworks */ = {
			isa = PBXFrameworksBuildPhase;
			buildActionMask = 2147483647;
			files = (
				46BEC93B2117C468004338C4 /* ReactiveMapKit.framework in Frameworks */,
				46BEC92C2117C468004338C4 /* Alamofire.framework in Frameworks */,
				46BEC92D2117C468004338C4 /* AlamofireNetworkActivityIndicator.framework in Frameworks */,
				46BEC92E2117C468004338C4 /* AlamofireNetworkActivityLogger.framework in Frameworks */,
				46BEC92F2117C468004338C4 /* Argo.framework in Frameworks */,
				46BEC9302117C468004338C4 /* Curry.framework in Frameworks */,
				46BEC9312117C468004338C4 /* KeychainSwift.framework in Frameworks */,
				46BEC9322117C468004338C4 /* Networking.framework in Frameworks */,
				46BEC9332117C468004338C4 /* Nimble.framework in Frameworks */,
				46BEC9342117C468004338C4 /* Quick.framework in Frameworks */,
				46BEC9352117C468004338C4 /* ReactiveCocoa.framework in Frameworks */,
				46BEC9362117C468004338C4 /* ReactiveSwift.framework in Frameworks */,
				46BEC9372117C468004338C4 /* Result.framework in Frameworks */,
				46BEC9382117C468004338C4 /* Runes.framework in Frameworks */,
				46BEC9392117C468004338C4 /* WolmoCore.framework in Frameworks */,
			);
			runOnlyForDeploymentPostprocessing = 0;
		};
		9D1575121CB1B27500EA395E /* Frameworks */ = {
			isa = PBXFrameworksBuildPhase;
			buildActionMask = 2147483647;
			files = (
				9D1F7A711CBED81900E20BE5 /* Nimble.framework in Frameworks */,
				9D1F7A721CBED81900E20BE5 /* Quick.framework in Frameworks */,
			);
			runOnlyForDeploymentPostprocessing = 0;
		};
		9D15751D1CB1B27500EA395E /* Frameworks */ = {
			isa = PBXFrameworksBuildPhase;
			buildActionMask = 2147483647;
			files = (
			);
			runOnlyForDeploymentPostprocessing = 0;
		};
/* End PBXFrameworksBuildPhase section */

/* Begin PBXGroup section */
		46BEC93F2117C704004338C4 /* Models */ = {
			isa = PBXGroup;
			children = (
				46BEC9452117C765004338C4 /* User.swift */,
				46BEC94A2117DA4E004338C4 /* AuthUser.swift */,
				AE65C8C52130409A00925C9B /* Book.swift */,
				AE28F3E5213EE982007C54CA /* Rent.swift */,
			);
			path = Models;
			sourceTree = "<group>";
		};
		46BEC9472117C7A3004338C4 /* Bootstrappers */ = {
			isa = PBXGroup;
			children = (
				46BEC9482117C7AE004338C4 /* NetworkingBootstrapper.swift */,
			);
			path = Bootstrappers;
			sourceTree = "<group>";
		};
		9D1574F81CB1B27500EA395E = {
			isa = PBXGroup;
			children = (
				9D6E405F1CB1BA21008CE558 /* Frameworks */,
				9D1575031CB1B27500EA395E /* WBooks */,
				9D1575181CB1B27500EA395E /* WBooksTests */,
				9D1575231CB1B27500EA395E /* WBooksUITests */,
				9D1575021CB1B27500EA395E /* Products */,
			);
			sourceTree = "<group>";
		};
		9D1575021CB1B27500EA395E /* Products */ = {
			isa = PBXGroup;
			children = (
				9D1575011CB1B27500EA395E /* WBooks.app */,
				9D1575151CB1B27500EA395E /* WBooksTests.xctest */,
				9D1575201CB1B27500EA395E /* WBooksUITests.xctest */,
			);
			name = Products;
			sourceTree = "<group>";
		};
		9D1575031CB1B27500EA395E /* WBooks */ = {
			isa = PBXGroup;
			children = (
				AE2E3AE621419F1100DE35AC /* Add_New */,
				AE28F3D6213DA769007C54CA /* Book_Details */,
				AE32611C21389D18001DD2C3 /* Book_Information */,
				AEB208942127618B0031776C /* Books_Table */,
				AE7144EB212C80A700C06BE4 /* Library */,
				46BEC93F2117C704004338C4 /* Models */,
				AE7144EC212C9C9800C06BE4 /* Repositories */,
				AE696A1D213589C000545F9E /* Helpers */,
				46BEC9472117C7A3004338C4 /* Bootstrappers */,
				CEB934DE1D21A44700DF75C2 /* ConfigurationFiles */,
				AEB2088321275D6F0031776C /* Resources */,
				AEFD614321276BC000DFF419 /* LaunchScreen.storyboard */,
				9D1575041CB1B27500EA395E /* AppDelegate.swift */,
				9D1575061CB1B27500EA395E /* HomeViewController.swift */,
				9D1575101CB1B27500EA395E /* Info.plist */,
				CEB934DC1D21992100DF75C2 /* Environment.swift */,
			);
			path = WBooks;
			sourceTree = "<group>";
		};
		9D1575181CB1B27500EA395E /* WBooksTests */ = {
			isa = PBXGroup;
			children = (
				9D1575191CB1B27500EA395E /* WBooksTests.swift */,
				9D15751B1CB1B27500EA395E /* Info.plist */,
			);
			path = WBooksTests;
			sourceTree = "<group>";
		};
		9D1575231CB1B27500EA395E /* WBooksUITests */ = {
			isa = PBXGroup;
			children = (
				9D1575241CB1B27500EA395E /* WBooksUITests.swift */,
				9D1575261CB1B27500EA395E /* Info.plist */,
			);
			path = WBooksUITests;
			sourceTree = "<group>";
		};
		9D6E405F1CB1BA21008CE558 /* Frameworks */ = {
			isa = PBXGroup;
			children = (
				46BEC93A2117C468004338C4 /* ReactiveMapKit.framework */,
				46BEC9272117BDBB004338C4 /* Argo.framework */,
				46BEC9262117BDBB004338C4 /* Networking.framework */,
				46BEC9252117BDBB004338C4 /* Runes.framework */,
				46BEC91E2117BB4A004338C4 /* Alamofire.framework */,
				46BEC91F2117BB4A004338C4 /* AlamofireNetworkActivityIndicator.framework */,
				46BEC91C2117BB4A004338C4 /* AlamofireNetworkActivityLogger.framework */,
				46BEC91B2117BB4A004338C4 /* Curry.framework */,
				46BEC91D2117BB4A004338C4 /* KeychainSwift.framework */,
				46BEC9192117B6C3004338C4 /* WolmoCore.framework */,
				E1530D9D1ED382EA002A9002 /* SystemConfiguration.framework */,
				CED934871E8466A60017CF96 /* ReactiveSwift.framework */,
				9D1F7A6F1CBED81900E20BE5 /* Nimble.framework */,
				9D1F7A701CBED81900E20BE5 /* Quick.framework */,
				9D6E40551CB1B939008CE558 /* ReactiveCocoa.framework */,
				9D6E40561CB1B93A008CE558 /* Result.framework */,
			);
			name = Frameworks;
			sourceTree = "<group>";
		};
		AE28F3D6213DA769007C54CA /* Book_Details */ = {
			isa = PBXGroup;
			children = (
				AE28F3D7213DA780007C54CA /* BookDetailsViewController.swift */,
				AE28F3D9213DC08B007C54CA /* BookDetailsViewModel.swift */,
				AE28F3DB213DC89F007C54CA /* BookDetailsView.swift */,
				AE28F3DD213DCC08007C54CA /* BookDetailsView.xib */,
			);
			path = Book_Details;
			sourceTree = "<group>";
		};
		AE2E3AE621419F1100DE35AC /* Add_New */ = {
			isa = PBXGroup;
			children = (
				AE2E3AE721419F5200DE35AC /* AddNewView.swift */,
				AE2E3AE821419F5200DE35AC /* AddNewView.xib */,
				AE2E3AEB2141A01100DE35AC /* AddNewViewController.swift */,
				AE2E3AED2141A01B00DE35AC /* AddNewViewModel.swift */,
			);
			path = Add_New;
			sourceTree = "<group>";
		};
		AE32611C21389D18001DD2C3 /* Book_Information */ = {
			isa = PBXGroup;
			children = (
				AE32611F21389D5C001DD2C3 /* BookInformationView.swift */,
				AE32612121389D66001DD2C3 /* BookInformationView.xib */,
				AE28F3D2213D9805007C54CA /* BookInformationViewController.swift */,
				AE28F3D4213D9F05007C54CA /* BookInformationViewModel.swift */,
			);
			path = Book_Information;
			sourceTree = "<group>";
		};
		AE696A1D213589C000545F9E /* Helpers */ = {
			isa = PBXGroup;
			children = (
				AE696A222135ECEC00545F9E /* Extensions */,
				AE696A1E213589EB00545F9E /* ImageFetcher.swift */,
				AE32611A2138269A001DD2C3 /* GeneralConstants.swift */,
				AE6E1B3921403E870090E2F3 /* PublicMethods.swift */,
				AE88A6D52142C71800B7CE07 /* MediaPickerService.swift */,
			);
			path = Helpers;
			sourceTree = "<group>";
		};
		AE696A222135ECEC00545F9E /* Extensions */ = {
			isa = PBXGroup;
			children = (
				AE696A202135A73200545F9E /* SignalProducer.swift */,
				AE696A232135ED0B00545F9E /* UIViewController.swift */,
				AE696A252135FC8900545F9E /* UIVIew.swift */,
				AE28F3DF213DE4E7007C54CA /* UIButton.swift */,
				AE88A6D72142C77200B7CE07 /* UIImagePickerController.swift */,
			);
			path = Extensions;
			sourceTree = "<group>";
		};
		AE7144EB212C80A700C06BE4 /* Library */ = {
			isa = PBXGroup;
			children = (
				AE7144E6212C7CEB00C06BE4 /* LibraryViewModel.swift */,
				AE7144ED212CABFB00C06BE4 /* LibraryViewController.swift */,
			);
			path = Library;
			sourceTree = "<group>";
		};
		AE7144EC212C9C9800C06BE4 /* Repositories */ = {
			isa = PBXGroup;
			children = (
				AE7144E9212C7F8800C06BE4 /* BooksRepository.swift */,
				AE28F3E1213EE02E007C54CA /* UserRepository.swift */,
				AE28F3E3213EE12F007C54CA /* User+BooksRepository.swift */,
			);
			path = Repositories;
			sourceTree = "<group>";
		};
		AEB2088321275D6F0031776C /* Resources */ = {
			isa = PBXGroup;
			children = (
				AEB2088421275EDF0031776C /* Fonts */,
				9D15750B1CB1B27500EA395E /* Assets.xcassets */,
			);
			path = Resources;
			sourceTree = "<group>";
		};
		AEB2088421275EDF0031776C /* Fonts */ = {
			isa = PBXGroup;
			children = (
				AEB2088721275EEE0031776C /* SFUIText-Bold.ttf */,
				AEB2088821275EEE0031776C /* SFUIText-Heavy.ttf */,
				AEB2088521275EEE0031776C /* SFUIText-Medium.ttf */,
				AEB2088921275EEF0031776C /* SFUIText-Regular.ttf */,
				AEB2088621275EEE0031776C /* SFUIText-Semibold.ttf */,
			);
			path = Fonts;
			sourceTree = "<group>";
		};
		AEB208942127618B0031776C /* Books_Table */ = {
			isa = PBXGroup;
			children = (
				AEB20895212763820031776C /* BooksTableView.swift */,
				AEB208902127610E0031776C /* BooksTableView.xib */,
				AEB2088F2127610E0031776C /* BooksTableViewController.swift */,
				AEB208792127568C0031776C /* BookTableViewCell.swift */,
				AEB2087A2127568C0031776C /* BookTableViewCell.xib */,
				AE65C8C32130405200925C9B /* BooksViewModel.swift */,
			);
			path = Books_Table;
			sourceTree = "<group>";
		};
		CEB934DE1D21A44700DF75C2 /* ConfigurationFiles */ = {
			isa = PBXGroup;
			children = (
				AEB20897212769C00031776C /* Debug.xcconfig */,
				AEB2089821276A000031776C /* Alpha.xcconfig */,
				AEB2089921276A0C0031776C /* Release.xcconfig */,
				AEB2089A21276A180031776C /* Production.xcconfig */,
			);
			path = ConfigurationFiles;
			sourceTree = "<group>";
		};
/* End PBXGroup section */

/* Begin PBXNativeTarget section */
		9D1575001CB1B27500EA395E /* WBooks */ = {
			isa = PBXNativeTarget;
			buildConfigurationList = 9D1575291CB1B27500EA395E /* Build configuration list for PBXNativeTarget "WBooks" */;
			buildPhases = (
				9D1574FD1CB1B27500EA395E /* Sources */,
				9D1574FE1CB1B27500EA395E /* Frameworks */,
				9D1574FF1CB1B27500EA395E /* Resources */,
				9D6E405D1CB1B93F008CE558 /* Carthage */,
				9D6E405E1CB1B94C008CE558 /* SwiftLint */,
			);
			buildRules = (
			);
			dependencies = (
			);
			name = WBooks;
			productName = WBooks;
			productReference = 9D1575011CB1B27500EA395E /* WBooks.app */;
			productType = "com.apple.product-type.application";
		};
		9D1575141CB1B27500EA395E /* WBooksTests */ = {
			isa = PBXNativeTarget;
			buildConfigurationList = 9D15752C1CB1B27500EA395E /* Build configuration list for PBXNativeTarget "WBooksTests" */;
			buildPhases = (
				9D1575111CB1B27500EA395E /* Sources */,
				9D1575121CB1B27500EA395E /* Frameworks */,
				9D1575131CB1B27500EA395E /* Resources */,
				9D1F7A731CBED81F00E20BE5 /* CopyFiles */,
			);
			buildRules = (
			);
			dependencies = (
				9D1575171CB1B27500EA395E /* PBXTargetDependency */,
			);
			name = WBooksTests;
			productName = WBooksTests;
			productReference = 9D1575151CB1B27500EA395E /* WBooksTests.xctest */;
			productType = "com.apple.product-type.bundle.unit-test";
		};
		9D15751F1CB1B27500EA395E /* WBooksUITests */ = {
			isa = PBXNativeTarget;
			buildConfigurationList = 9D15752F1CB1B27500EA395E /* Build configuration list for PBXNativeTarget "WBooksUITests" */;
			buildPhases = (
				9D15751C1CB1B27500EA395E /* Sources */,
				9D15751D1CB1B27500EA395E /* Frameworks */,
				9D15751E1CB1B27500EA395E /* Resources */,
			);
			buildRules = (
			);
			dependencies = (
				9D1575221CB1B27500EA395E /* PBXTargetDependency */,
			);
			name = WBooksUITests;
			productName = WBooksUITests;
			productReference = 9D1575201CB1B27500EA395E /* WBooksUITests.xctest */;
			productType = "com.apple.product-type.bundle.ui-testing";
		};
/* End PBXNativeTarget section */

/* Begin PBXProject section */
		9D1574F91CB1B27500EA395E /* Project object */ = {
			isa = PBXProject;
			attributes = {
				LastSwiftUpdateCheck = 0730;
				LastUpgradeCheck = 0940;
				ORGANIZATIONNAME = Wolox;
				TargetAttributes = {
					9D1575001CB1B27500EA395E = {
						CreatedOnToolsVersion = 7.3;
						LastSwiftMigration = 0820;
						ProvisioningStyle = Manual;
					};
					9D1575141CB1B27500EA395E = {
						CreatedOnToolsVersion = 7.3;
						LastSwiftMigration = 0820;
						TestTargetID = 9D1575001CB1B27500EA395E;
					};
					9D15751F1CB1B27500EA395E = {
						CreatedOnToolsVersion = 7.3;
						LastSwiftMigration = 0820;
						TestTargetID = 9D1575001CB1B27500EA395E;
					};
				};
			};
			buildConfigurationList = 9D1574FC1CB1B27500EA395E /* Build configuration list for PBXProject "WBooks" */;
			compatibilityVersion = "Xcode 3.2";
			developmentRegion = English;
			hasScannedForEncodings = 0;
			knownRegions = (
				en,
				Base,
			);
			mainGroup = 9D1574F81CB1B27500EA395E;
			productRefGroup = 9D1575021CB1B27500EA395E /* Products */;
			projectDirPath = "";
			projectRoot = "";
			targets = (
				9D1575001CB1B27500EA395E /* WBooks */,
				9D1575141CB1B27500EA395E /* WBooksTests */,
				9D15751F1CB1B27500EA395E /* WBooksUITests */,
			);
		};
/* End PBXProject section */

/* Begin PBXResourcesBuildPhase section */
		9D1574FF1CB1B27500EA395E /* Resources */ = {
			isa = PBXResourcesBuildPhase;
			buildActionMask = 2147483647;
			files = (
				AEFD614421276BC000DFF419 /* LaunchScreen.storyboard in Resources */,
				AE2E3AEA21419F5200DE35AC /* AddNewView.xib in Resources */,
				AE28F3DE213DCC08007C54CA /* BookDetailsView.xib in Resources */,
				AEB2088E21275F0C0031776C /* SFUIText-Semibold.ttf in Resources */,
				AEB2088C21275F0C0031776C /* SFUIText-Medium.ttf in Resources */,
				9D15750C1CB1B27500EA395E /* Assets.xcassets in Resources */,
				AE32612221389D66001DD2C3 /* BookInformationView.xib in Resources */,
				AEB2087C2127568C0031776C /* BookTableViewCell.xib in Resources */,
				AEB2088D21275F0C0031776C /* SFUIText-Regular.ttf in Resources */,
				AEB2088A21275F0C0031776C /* SFUIText-Bold.ttf in Resources */,
				AEB2088B21275F0C0031776C /* SFUIText-Heavy.ttf in Resources */,
				AEB208922127610E0031776C /* BooksTableView.xib in Resources */,
			);
			runOnlyForDeploymentPostprocessing = 0;
		};
		9D1575131CB1B27500EA395E /* Resources */ = {
			isa = PBXResourcesBuildPhase;
			buildActionMask = 2147483647;
			files = (
			);
			runOnlyForDeploymentPostprocessing = 0;
		};
		9D15751E1CB1B27500EA395E /* Resources */ = {
			isa = PBXResourcesBuildPhase;
			buildActionMask = 2147483647;
			files = (
			);
			runOnlyForDeploymentPostprocessing = 0;
		};
/* End PBXResourcesBuildPhase section */

/* Begin PBXShellScriptBuildPhase section */
		9D6E405D1CB1B93F008CE558 /* Carthage */ = {
			isa = PBXShellScriptBuildPhase;
			buildActionMask = 2147483647;
			files = (
			);
			inputPaths = (
				"$(SRCROOT)/Carthage/Build/iOS/ReactiveMapKit.framework",
				"$(SRCROOT)/Carthage/Build/iOS/Alamofire.framework",
				"$(SRCROOT)/Carthage/Build/iOS/AlamofireNetworkActivityIndicator.framework",
				"$(SRCROOT)/Carthage/Build/iOS/AlamofireNetworkActivityLogger.framework",
				"$(SRCROOT)/Carthage/Build/iOS/Argo.framework",
				"$(SRCROOT)/Carthage/Build/iOS/Curry.framework",
				"$(SRCROOT)/Carthage/Build/iOS/KeychainSwift.framework",
				"$(SRCROOT)/Carthage/Build/iOS/Networking.framework",
				"$(SRCROOT)/Carthage/Build/iOS/Nimble.framework",
				"$(SRCROOT)/Carthage/Build/iOS/Quick.framework",
				"$(SRCROOT)/Carthage/Build/iOS/ReactiveCocoa.framework",
				"$(SRCROOT)/Carthage/Build/iOS/ReactiveSwift.framework",
				"$(SRCROOT)/Carthage/Build/iOS/Result.framework",
				"$(SRCROOT)/Carthage/Build/iOS/Runes.framework",
				"$(SRCROOT)/Carthage/Build/iOS/WolmoCore.framework",
			);
			name = Carthage;
			outputPaths = (
			);
			runOnlyForDeploymentPostprocessing = 0;
			shellPath = /bin/sh;
			shellScript = "/usr/local/bin/carthage copy-frameworks";
		};
		9D6E405E1CB1B94C008CE558 /* SwiftLint */ = {
			isa = PBXShellScriptBuildPhase;
			buildActionMask = 2147483647;
			files = (
			);
			inputPaths = (
			);
			name = SwiftLint;
			outputPaths = (
			);
			runOnlyForDeploymentPostprocessing = 0;
			shellPath = /bin/sh;
			shellScript = "if [ ! -z \"$RUNNING_ON_CI\" ]\nthen\n    echo \"SwiftLint run script has been disabled\"\n    exit 0\nfi\n\nif which swiftlint >/dev/null; then\n    swiftlint\nelse\n    echo \"warning: SwiftLint not installed, download from https://github.com/realm/SwiftLint\"\nfi";
		};
/* End PBXShellScriptBuildPhase section */

/* Begin PBXSourcesBuildPhase section */
		9D1574FD1CB1B27500EA395E /* Sources */ = {
			isa = PBXSourcesBuildPhase;
			buildActionMask = 2147483647;
			files = (
				AE28F3E2213EE02E007C54CA /* UserRepository.swift in Sources */,
				9D1575071CB1B27500EA395E /* HomeViewController.swift in Sources */,
				AE28F3E4213EE12F007C54CA /* User+BooksRepository.swift in Sources */,
				AE28F3E0213DE4E7007C54CA /* UIButton.swift in Sources */,
				AE28F3D3213D9805007C54CA /* BookInformationViewController.swift in Sources */,
				AE28F3D5213D9F05007C54CA /* BookInformationViewModel.swift in Sources */,
				AEB2087B2127568C0031776C /* BookTableViewCell.swift in Sources */,
				AE2E3AEC2141A01100DE35AC /* AddNewViewController.swift in Sources */,
				CEB934DD1D21992100DF75C2 /* Environment.swift in Sources */,
				46BEC9492117C7AE004338C4 /* NetworkingBootstrapper.swift in Sources */,
				AE32612021389D5C001DD2C3 /* BookInformationView.swift in Sources */,
				AE28F3D8213DA780007C54CA /* BookDetailsViewController.swift in Sources */,
				AE28F3E6213EE982007C54CA /* Rent.swift in Sources */,
				AE696A212135A73200545F9E /* SignalProducer.swift in Sources */,
				9D1575051CB1B27500EA395E /* AppDelegate.swift in Sources */,
				AE696A262135FC8900545F9E /* UIVIew.swift in Sources */,
				AE2E3AEE2141A01B00DE35AC /* AddNewViewModel.swift in Sources */,
				AE65C8C42130405200925C9B /* BooksViewModel.swift in Sources */,
				AEB20896212763820031776C /* BooksTableView.swift in Sources */,
				AE6E1B3A21403E870090E2F3 /* PublicMethods.swift in Sources */,
				46BEC94B2117DA4E004338C4 /* AuthUser.swift in Sources */,
				AE696A242135ED0B00545F9E /* UIViewController.swift in Sources */,
				AE2E3AE921419F5200DE35AC /* AddNewView.swift in Sources */,
				AEB208912127610E0031776C /* BooksTableViewController.swift in Sources */,
				AE88A6D62142C71800B7CE07 /* MediaPickerService.swift in Sources */,
				AE32611B2138269A001DD2C3 /* GeneralConstants.swift in Sources */,
				AE696A1F213589EB00545F9E /* ImageFetcher.swift in Sources */,
				AE28F3DA213DC08B007C54CA /* BookDetailsViewModel.swift in Sources */,
				AE28F3DC213DC89F007C54CA /* BookDetailsView.swift in Sources */,
				AE65C8C62130409A00925C9B /* Book.swift in Sources */,
				AE7144E7212C7CEB00C06BE4 /* LibraryViewModel.swift in Sources */,
				46BEC9462117C765004338C4 /* User.swift in Sources */,
				AE7144EA212C7F8800C06BE4 /* BooksRepository.swift in Sources */,
				AE7144EE212CABFB00C06BE4 /* LibraryViewController.swift in Sources */,
				AE88A6D82142C77200B7CE07 /* UIImagePickerController.swift in Sources */,
			);
			runOnlyForDeploymentPostprocessing = 0;
		};
		9D1575111CB1B27500EA395E /* Sources */ = {
			isa = PBXSourcesBuildPhase;
			buildActionMask = 2147483647;
			files = (
				9D15751A1CB1B27500EA395E /* WBooksTests.swift in Sources */,
			);
			runOnlyForDeploymentPostprocessing = 0;
		};
		9D15751C1CB1B27500EA395E /* Sources */ = {
			isa = PBXSourcesBuildPhase;
			buildActionMask = 2147483647;
			files = (
				9D1575251CB1B27500EA395E /* WBooksUITests.swift in Sources */,
			);
			runOnlyForDeploymentPostprocessing = 0;
		};
/* End PBXSourcesBuildPhase section */

/* Begin PBXTargetDependency section */
		9D1575171CB1B27500EA395E /* PBXTargetDependency */ = {
			isa = PBXTargetDependency;
			target = 9D1575001CB1B27500EA395E /* WBooks */;
			targetProxy = 9D1575161CB1B27500EA395E /* PBXContainerItemProxy */;
		};
		9D1575221CB1B27500EA395E /* PBXTargetDependency */ = {
			isa = PBXTargetDependency;
			target = 9D1575001CB1B27500EA395E /* WBooks */;
			targetProxy = 9D1575211CB1B27500EA395E /* PBXContainerItemProxy */;
		};
/* End PBXTargetDependency section */

/* Begin XCBuildConfiguration section */
		CE39E8751D1DAED00004FE95 /* Debug */ = {
			isa = XCBuildConfiguration;
			buildSettings = {
				ALWAYS_SEARCH_USER_PATHS = NO;
				CLANG_ANALYZER_NONNULL = YES;
				CLANG_CXX_LANGUAGE_STANDARD = "gnu++0x";
				CLANG_CXX_LIBRARY = "libc++";
				CLANG_ENABLE_MODULES = YES;
				CLANG_ENABLE_OBJC_ARC = YES;
				CLANG_WARN_BLOCK_CAPTURE_AUTORELEASING = YES;
				CLANG_WARN_BOOL_CONVERSION = YES;
				CLANG_WARN_COMMA = YES;
				CLANG_WARN_CONSTANT_CONVERSION = YES;
				CLANG_WARN_DEPRECATED_OBJC_IMPLEMENTATIONS = YES;
				CLANG_WARN_DIRECT_OBJC_ISA_USAGE = YES_ERROR;
				CLANG_WARN_EMPTY_BODY = YES;
				CLANG_WARN_ENUM_CONVERSION = YES;
				CLANG_WARN_INFINITE_RECURSION = YES;
				CLANG_WARN_INT_CONVERSION = YES;
				CLANG_WARN_NON_LITERAL_NULL_CONVERSION = YES;
				CLANG_WARN_OBJC_IMPLICIT_RETAIN_SELF = YES;
				CLANG_WARN_OBJC_LITERAL_CONVERSION = YES;
				CLANG_WARN_OBJC_ROOT_CLASS = YES_ERROR;
				CLANG_WARN_RANGE_LOOP_ANALYSIS = YES;
				CLANG_WARN_STRICT_PROTOTYPES = YES;
				CLANG_WARN_SUSPICIOUS_MOVE = YES;
				CLANG_WARN_UNREACHABLE_CODE = YES;
				CLANG_WARN__DUPLICATE_METHOD_MATCH = YES;
				"CODE_SIGN_IDENTITY[sdk=iphoneos*]" = "iPhone Developer";
				COPY_PHASE_STRIP = NO;
				DEBUG_INFORMATION_FORMAT = "dwarf-with-dsym";
				ENABLE_NS_ASSERTIONS = NO;
				ENABLE_STRICT_OBJC_MSGSEND = YES;
				ENABLE_TESTABILITY = YES;
				GCC_C_LANGUAGE_STANDARD = gnu99;
				GCC_NO_COMMON_BLOCKS = YES;
				GCC_WARN_64_TO_32_BIT_CONVERSION = YES;
				GCC_WARN_ABOUT_RETURN_TYPE = YES_ERROR;
				GCC_WARN_UNDECLARED_SELECTOR = YES;
				GCC_WARN_UNINITIALIZED_AUTOS = YES_AGGRESSIVE;
				GCC_WARN_UNUSED_FUNCTION = YES;
				GCC_WARN_UNUSED_VARIABLE = YES;
				IPHONEOS_DEPLOYMENT_TARGET = 10.0;
				MTL_ENABLE_DEBUG_INFO = NO;
				ONLY_ACTIVE_ARCH = YES;
				SDKROOT = iphoneos;
				SWIFT_VERSION = 4.0;
				TARGETED_DEVICE_FAMILY = "1,2";
				VALIDATE_PRODUCT = YES;
			};
			name = Debug;
		};
		CE39E8761D1DAED00004FE95 /* Debug */ = {
			isa = XCBuildConfiguration;
			buildSettings = {
				ASSETCATALOG_COMPILER_APPICON_NAME = "AppIcon-debug";
				CURRENT_PROJECT_VERSION = 1;
				DEVELOPMENT_TEAM = "";
				FRAMEWORK_SEARCH_PATHS = (
					"$(inherited)",
					"$(PROJECT_DIR)/Carthage/Build/iOS",
				);
				INFOPLIST_FILE = WBooks/Info.plist;
				LD_RUNPATH_SEARCH_PATHS = "$(inherited) @executable_path/Frameworks";
				ONLY_ACTIVE_ARCH = YES;
				OTHER_SWIFT_FLAGS = "-D DEBUG";
				PRODUCT_BUNDLE_IDENTIFIER = com.Wolox.WBooks.debug;
				PRODUCT_NAME = "$(TARGET_NAME)";
				PROVISIONING_PROFILE_SPECIFIER = "";
				SWIFT_OPTIMIZATION_LEVEL = "-Onone";
				SWIFT_VERSION = 4.0;
				VERSIONING_SYSTEM = "apple-generic";
			};
			name = Debug;
		};
		CE39E8771D1DAED00004FE95 /* Debug */ = {
			isa = XCBuildConfiguration;
			buildSettings = {
				BUNDLE_LOADER = "$(TEST_HOST)";
				FRAMEWORK_SEARCH_PATHS = (
					"$(inherited)",
					"$(PROJECT_DIR)/Carthage/Build/iOS",
				);
				INFOPLIST_FILE = WBooksTests/Info.plist;
				LD_RUNPATH_SEARCH_PATHS = "$(inherited) @executable_path/Frameworks @loader_path/Frameworks";
				PRODUCT_BUNDLE_IDENTIFIER = com.Wolox.WBooksTests;
				PRODUCT_NAME = "$(TARGET_NAME)";
				SWIFT_VERSION = 4.0;
				TEST_HOST = "$(BUILT_PRODUCTS_DIR)/WBooks.app/WBooks";
			};
			name = Debug;
		};
		CE39E8781D1DAED00004FE95 /* Debug */ = {
			isa = XCBuildConfiguration;
			buildSettings = {
				INFOPLIST_FILE = WBooksUITests/Info.plist;
				LD_RUNPATH_SEARCH_PATHS = "$(inherited) @executable_path/Frameworks @loader_path/Frameworks";
				PRODUCT_BUNDLE_IDENTIFIER = com.Wolox.WBooksUITests;
				PRODUCT_NAME = "$(TARGET_NAME)";
				SWIFT_VERSION = 4.0;
				TEST_TARGET_NAME = WBooks;
			};
			name = Debug;
		};
		CE39E8791D1DAEE70004FE95 /* Alpha */ = {
			isa = XCBuildConfiguration;
			buildSettings = {
				ALWAYS_SEARCH_USER_PATHS = NO;
				CLANG_ANALYZER_NONNULL = YES;
				CLANG_CXX_LANGUAGE_STANDARD = "gnu++0x";
				CLANG_CXX_LIBRARY = "libc++";
				CLANG_ENABLE_MODULES = YES;
				CLANG_ENABLE_OBJC_ARC = YES;
				CLANG_WARN_BLOCK_CAPTURE_AUTORELEASING = YES;
				CLANG_WARN_BOOL_CONVERSION = YES;
				CLANG_WARN_COMMA = YES;
				CLANG_WARN_CONSTANT_CONVERSION = YES;
				CLANG_WARN_DEPRECATED_OBJC_IMPLEMENTATIONS = YES;
				CLANG_WARN_DIRECT_OBJC_ISA_USAGE = YES_ERROR;
				CLANG_WARN_EMPTY_BODY = YES;
				CLANG_WARN_ENUM_CONVERSION = YES;
				CLANG_WARN_INFINITE_RECURSION = YES;
				CLANG_WARN_INT_CONVERSION = YES;
				CLANG_WARN_NON_LITERAL_NULL_CONVERSION = YES;
				CLANG_WARN_OBJC_IMPLICIT_RETAIN_SELF = YES;
				CLANG_WARN_OBJC_LITERAL_CONVERSION = YES;
				CLANG_WARN_OBJC_ROOT_CLASS = YES_ERROR;
				CLANG_WARN_RANGE_LOOP_ANALYSIS = YES;
				CLANG_WARN_STRICT_PROTOTYPES = YES;
				CLANG_WARN_SUSPICIOUS_MOVE = YES;
				CLANG_WARN_UNREACHABLE_CODE = YES;
				CLANG_WARN__DUPLICATE_METHOD_MATCH = YES;
				"CODE_SIGN_IDENTITY[sdk=iphoneos*]" = "iPhone Developer";
				COPY_PHASE_STRIP = NO;
				DEBUG_INFORMATION_FORMAT = "dwarf-with-dsym";
				ENABLE_NS_ASSERTIONS = NO;
				ENABLE_STRICT_OBJC_MSGSEND = YES;
				GCC_C_LANGUAGE_STANDARD = gnu99;
				GCC_NO_COMMON_BLOCKS = YES;
				GCC_WARN_64_TO_32_BIT_CONVERSION = YES;
				GCC_WARN_ABOUT_RETURN_TYPE = YES_ERROR;
				GCC_WARN_UNDECLARED_SELECTOR = YES;
				GCC_WARN_UNINITIALIZED_AUTOS = YES_AGGRESSIVE;
				GCC_WARN_UNUSED_FUNCTION = YES;
				GCC_WARN_UNUSED_VARIABLE = YES;
				IPHONEOS_DEPLOYMENT_TARGET = 10.0;
				MTL_ENABLE_DEBUG_INFO = NO;
				ONLY_ACTIVE_ARCH = NO;
				SDKROOT = iphoneos;
				SWIFT_VERSION = 4.0;
				TARGETED_DEVICE_FAMILY = "1,2";
				VALIDATE_PRODUCT = YES;
			};
			name = Alpha;
		};
		CE39E87A1D1DAEE70004FE95 /* Alpha */ = {
			isa = XCBuildConfiguration;
			buildSettings = {
				ASSETCATALOG_COMPILER_APPICON_NAME = "AppIcon-alpha";
				CURRENT_PROJECT_VERSION = 1;
				DEVELOPMENT_TEAM = "";
				FRAMEWORK_SEARCH_PATHS = (
					"$(inherited)",
					"$(PROJECT_DIR)/Carthage/Build/iOS",
				);
				INFOPLIST_FILE = WBooks/Info.plist;
				LD_RUNPATH_SEARCH_PATHS = "$(inherited) @executable_path/Frameworks";
				ONLY_ACTIVE_ARCH = NO;
				OTHER_SWIFT_FLAGS = "-D ALPHA";
				PRODUCT_BUNDLE_IDENTIFIER = com.Wolox.WBooks.alpha;
				PRODUCT_NAME = "$(TARGET_NAME)";
				PROVISIONING_PROFILE_SPECIFIER = "";
				SWIFT_OPTIMIZATION_LEVEL = "-Owholemodule";
				SWIFT_VERSION = 4.0;
				VERSIONING_SYSTEM = "apple-generic";
			};
			name = Alpha;
		};
		CE39E87B1D1DAEE70004FE95 /* Alpha */ = {
			isa = XCBuildConfiguration;
			buildSettings = {
				BUNDLE_LOADER = "$(TEST_HOST)";
				FRAMEWORK_SEARCH_PATHS = (
					"$(inherited)",
					"$(PROJECT_DIR)/Carthage/Build/iOS",
				);
				INFOPLIST_FILE = WBooksTests/Info.plist;
				LD_RUNPATH_SEARCH_PATHS = "$(inherited) @executable_path/Frameworks @loader_path/Frameworks";
				PRODUCT_BUNDLE_IDENTIFIER = com.Wolox.WBooksTests;
				PRODUCT_NAME = "$(TARGET_NAME)";
				SWIFT_VERSION = 4.0;
				TEST_HOST = "$(BUILT_PRODUCTS_DIR)/WBooks.app/WBooks";
			};
			name = Alpha;
		};
		CE39E87C1D1DAEE70004FE95 /* Alpha */ = {
			isa = XCBuildConfiguration;
			buildSettings = {
				INFOPLIST_FILE = WBooksUITests/Info.plist;
				LD_RUNPATH_SEARCH_PATHS = "$(inherited) @executable_path/Frameworks @loader_path/Frameworks";
				PRODUCT_BUNDLE_IDENTIFIER = com.Wolox.WBooksUITests;
				PRODUCT_NAME = "$(TARGET_NAME)";
				SWIFT_VERSION = 4.0;
				TEST_TARGET_NAME = WBooks;
			};
			name = Alpha;
		};
		CE39E8811D1DAEF20004FE95 /* Release */ = {
			isa = XCBuildConfiguration;
			buildSettings = {
				ALWAYS_SEARCH_USER_PATHS = NO;
				CLANG_ANALYZER_NONNULL = YES;
				CLANG_CXX_LANGUAGE_STANDARD = "gnu++0x";
				CLANG_CXX_LIBRARY = "libc++";
				CLANG_ENABLE_MODULES = YES;
				CLANG_ENABLE_OBJC_ARC = YES;
				CLANG_WARN_BLOCK_CAPTURE_AUTORELEASING = YES;
				CLANG_WARN_BOOL_CONVERSION = YES;
				CLANG_WARN_COMMA = YES;
				CLANG_WARN_CONSTANT_CONVERSION = YES;
				CLANG_WARN_DEPRECATED_OBJC_IMPLEMENTATIONS = YES;
				CLANG_WARN_DIRECT_OBJC_ISA_USAGE = YES_ERROR;
				CLANG_WARN_EMPTY_BODY = YES;
				CLANG_WARN_ENUM_CONVERSION = YES;
				CLANG_WARN_INFINITE_RECURSION = YES;
				CLANG_WARN_INT_CONVERSION = YES;
				CLANG_WARN_NON_LITERAL_NULL_CONVERSION = YES;
				CLANG_WARN_OBJC_IMPLICIT_RETAIN_SELF = YES;
				CLANG_WARN_OBJC_LITERAL_CONVERSION = YES;
				CLANG_WARN_OBJC_ROOT_CLASS = YES_ERROR;
				CLANG_WARN_RANGE_LOOP_ANALYSIS = YES;
				CLANG_WARN_STRICT_PROTOTYPES = YES;
				CLANG_WARN_SUSPICIOUS_MOVE = YES;
				CLANG_WARN_UNREACHABLE_CODE = YES;
				CLANG_WARN__DUPLICATE_METHOD_MATCH = YES;
				"CODE_SIGN_IDENTITY[sdk=iphoneos*]" = "iPhone Developer";
				COPY_PHASE_STRIP = NO;
				DEBUG_INFORMATION_FORMAT = "dwarf-with-dsym";
				ENABLE_NS_ASSERTIONS = NO;
				ENABLE_STRICT_OBJC_MSGSEND = YES;
				GCC_C_LANGUAGE_STANDARD = gnu99;
				GCC_NO_COMMON_BLOCKS = YES;
				GCC_WARN_64_TO_32_BIT_CONVERSION = YES;
				GCC_WARN_ABOUT_RETURN_TYPE = YES_ERROR;
				GCC_WARN_UNDECLARED_SELECTOR = YES;
				GCC_WARN_UNINITIALIZED_AUTOS = YES_AGGRESSIVE;
				GCC_WARN_UNUSED_FUNCTION = YES;
				GCC_WARN_UNUSED_VARIABLE = YES;
				IPHONEOS_DEPLOYMENT_TARGET = 10.0;
				MTL_ENABLE_DEBUG_INFO = NO;
				SDKROOT = iphoneos;
				SWIFT_OPTIMIZATION_LEVEL = "-Owholemodule";
				SWIFT_VERSION = 4.0;
				TARGETED_DEVICE_FAMILY = "1,2";
				VALIDATE_PRODUCT = YES;
			};
			name = Release;
		};
		CE39E8821D1DAEF20004FE95 /* Release */ = {
			isa = XCBuildConfiguration;
			buildSettings = {
				ASSETCATALOG_COMPILER_APPICON_NAME = "AppIcon-release";
				CURRENT_PROJECT_VERSION = 1;
				DEVELOPMENT_TEAM = "";
				FRAMEWORK_SEARCH_PATHS = (
					"$(inherited)",
					"$(PROJECT_DIR)/Carthage/Build/iOS",
				);
				INFOPLIST_FILE = WBooks/Info.plist;
				LD_RUNPATH_SEARCH_PATHS = "$(inherited) @executable_path/Frameworks";
				OTHER_SWIFT_FLAGS = "-D RELEASE";
				PRODUCT_BUNDLE_IDENTIFIER = com.Wolox.WBooks;
				PRODUCT_NAME = "$(TARGET_NAME)";
				PROVISIONING_PROFILE_SPECIFIER = "";
				SWIFT_OPTIMIZATION_LEVEL = "-Owholemodule";
				SWIFT_VERSION = 4.0;
				VERSIONING_SYSTEM = "apple-generic";
			};
			name = Release;
		};
		CE39E8831D1DAEF20004FE95 /* Release */ = {
			isa = XCBuildConfiguration;
			buildSettings = {
				BUNDLE_LOADER = "$(TEST_HOST)";
				FRAMEWORK_SEARCH_PATHS = (
					"$(inherited)",
					"$(PROJECT_DIR)/Carthage/Build/iOS",
				);
				INFOPLIST_FILE = WBooksTests/Info.plist;
				LD_RUNPATH_SEARCH_PATHS = "$(inherited) @executable_path/Frameworks @loader_path/Frameworks";
				PRODUCT_BUNDLE_IDENTIFIER = com.Wolox.WBooksTests;
				PRODUCT_NAME = "$(TARGET_NAME)";
				SWIFT_VERSION = 4.0;
				TEST_HOST = "$(BUILT_PRODUCTS_DIR)/WBooks.app/WBooks";
			};
			name = Release;
		};
		CE39E8841D1DAEF20004FE95 /* Release */ = {
			isa = XCBuildConfiguration;
			buildSettings = {
				INFOPLIST_FILE = WBooksUITests/Info.plist;
				LD_RUNPATH_SEARCH_PATHS = "$(inherited) @executable_path/Frameworks @loader_path/Frameworks";
				PRODUCT_BUNDLE_IDENTIFIER = com.Wolox.WBooksUITests;
				PRODUCT_NAME = "$(TARGET_NAME)";
				SWIFT_VERSION = 4.0;
				TEST_TARGET_NAME = WBooks;
			};
			name = Release;
		};
		E12DE15E1F772A1E0072C2FF /* Production */ = {
			isa = XCBuildConfiguration;
			buildSettings = {
				ALWAYS_SEARCH_USER_PATHS = NO;
				CLANG_ANALYZER_NONNULL = YES;
				CLANG_CXX_LANGUAGE_STANDARD = "gnu++0x";
				CLANG_CXX_LIBRARY = "libc++";
				CLANG_ENABLE_MODULES = YES;
				CLANG_ENABLE_OBJC_ARC = YES;
				CLANG_WARN_BLOCK_CAPTURE_AUTORELEASING = YES;
				CLANG_WARN_BOOL_CONVERSION = YES;
				CLANG_WARN_COMMA = YES;
				CLANG_WARN_CONSTANT_CONVERSION = YES;
				CLANG_WARN_DEPRECATED_OBJC_IMPLEMENTATIONS = YES;
				CLANG_WARN_DIRECT_OBJC_ISA_USAGE = YES_ERROR;
				CLANG_WARN_EMPTY_BODY = YES;
				CLANG_WARN_ENUM_CONVERSION = YES;
				CLANG_WARN_INFINITE_RECURSION = YES;
				CLANG_WARN_INT_CONVERSION = YES;
				CLANG_WARN_NON_LITERAL_NULL_CONVERSION = YES;
				CLANG_WARN_OBJC_IMPLICIT_RETAIN_SELF = YES;
				CLANG_WARN_OBJC_LITERAL_CONVERSION = YES;
				CLANG_WARN_OBJC_ROOT_CLASS = YES_ERROR;
				CLANG_WARN_RANGE_LOOP_ANALYSIS = YES;
				CLANG_WARN_STRICT_PROTOTYPES = YES;
				CLANG_WARN_SUSPICIOUS_MOVE = YES;
				CLANG_WARN_UNREACHABLE_CODE = YES;
				CLANG_WARN__DUPLICATE_METHOD_MATCH = YES;
				"CODE_SIGN_IDENTITY[sdk=iphoneos*]" = "iPhone Developer";
				COPY_PHASE_STRIP = NO;
				DEBUG_INFORMATION_FORMAT = "dwarf-with-dsym";
				ENABLE_NS_ASSERTIONS = NO;
				ENABLE_STRICT_OBJC_MSGSEND = YES;
				GCC_C_LANGUAGE_STANDARD = gnu99;
				GCC_NO_COMMON_BLOCKS = YES;
				GCC_WARN_64_TO_32_BIT_CONVERSION = YES;
				GCC_WARN_ABOUT_RETURN_TYPE = YES_ERROR;
				GCC_WARN_UNDECLARED_SELECTOR = YES;
				GCC_WARN_UNINITIALIZED_AUTOS = YES_AGGRESSIVE;
				GCC_WARN_UNUSED_FUNCTION = YES;
				GCC_WARN_UNUSED_VARIABLE = YES;
				IPHONEOS_DEPLOYMENT_TARGET = 10.0;
				MTL_ENABLE_DEBUG_INFO = NO;
				SDKROOT = iphoneos;
				SWIFT_VERSION = 4.0;
				TARGETED_DEVICE_FAMILY = "1,2";
				VALIDATE_PRODUCT = YES;
			};
			name = Production;
		};
		E12DE15F1F772A1E0072C2FF /* Production */ = {
			isa = XCBuildConfiguration;
			buildSettings = {
				ASSETCATALOG_COMPILER_APPICON_NAME = "AppIcon-production";
				CURRENT_PROJECT_VERSION = 1;
				DEVELOPMENT_TEAM = "";
				FRAMEWORK_SEARCH_PATHS = (
					"$(inherited)",
					"$(PROJECT_DIR)/Carthage/Build/iOS",
				);
				INFOPLIST_FILE = WBooks/Info.plist;
				LD_RUNPATH_SEARCH_PATHS = "$(inherited) @executable_path/Frameworks";
				OTHER_SWIFT_FLAGS = "-D PRODUCTION";
				PRODUCT_BUNDLE_IDENTIFIER = com.WBooks.WBooks;
				PRODUCT_NAME = "$(TARGET_NAME)";
				PROVISIONING_PROFILE_SPECIFIER = "";
				SWIFT_OPTIMIZATION_LEVEL = "-Owholemodule";
				SWIFT_VERSION = 4.0;
				VERSIONING_SYSTEM = "apple-generic";
			};
			name = Production;
		};
		E12DE1601F772A1E0072C2FF /* Production */ = {
			isa = XCBuildConfiguration;
			buildSettings = {
				BUNDLE_LOADER = "$(TEST_HOST)";
				FRAMEWORK_SEARCH_PATHS = (
					"$(inherited)",
					"$(PROJECT_DIR)/Carthage/Build/iOS",
				);
				INFOPLIST_FILE = WBooksTests/Info.plist;
				LD_RUNPATH_SEARCH_PATHS = "$(inherited) @executable_path/Frameworks @loader_path/Frameworks";
				PRODUCT_BUNDLE_IDENTIFIER = com.Wolox.WBooksTests;
				PRODUCT_NAME = "$(TARGET_NAME)";
				SWIFT_VERSION = 4.0;
				TEST_HOST = "$(BUILT_PRODUCTS_DIR)/WBooks.app/WBooks";
			};
			name = Production;
		};
		E12DE1611F772A1E0072C2FF /* Production */ = {
			isa = XCBuildConfiguration;
			buildSettings = {
				INFOPLIST_FILE = WBooksUITests/Info.plist;
				LD_RUNPATH_SEARCH_PATHS = "$(inherited) @executable_path/Frameworks @loader_path/Frameworks";
				PRODUCT_BUNDLE_IDENTIFIER = com.Wolox.WBooksUITests;
				PRODUCT_NAME = "$(TARGET_NAME)";
				SWIFT_VERSION = 4.0;
				TEST_TARGET_NAME = WBooks;
			};
			name = Production;
		};
/* End XCBuildConfiguration section */

/* Begin XCConfigurationList section */
		9D1574FC1CB1B27500EA395E /* Build configuration list for PBXProject "WBooks" */ = {
			isa = XCConfigurationList;
			buildConfigurations = (
				CE39E8751D1DAED00004FE95 /* Debug */,
				CE39E8791D1DAEE70004FE95 /* Alpha */,
				CE39E8811D1DAEF20004FE95 /* Release */,
				E12DE15E1F772A1E0072C2FF /* Production */,
			);
			defaultConfigurationIsVisible = 0;
			defaultConfigurationName = Debug;
		};
		9D1575291CB1B27500EA395E /* Build configuration list for PBXNativeTarget "WBooks" */ = {
			isa = XCConfigurationList;
			buildConfigurations = (
				CE39E8761D1DAED00004FE95 /* Debug */,
				CE39E87A1D1DAEE70004FE95 /* Alpha */,
				CE39E8821D1DAEF20004FE95 /* Release */,
				E12DE15F1F772A1E0072C2FF /* Production */,
			);
			defaultConfigurationIsVisible = 0;
			defaultConfigurationName = Debug;
		};
		9D15752C1CB1B27500EA395E /* Build configuration list for PBXNativeTarget "WBooksTests" */ = {
			isa = XCConfigurationList;
			buildConfigurations = (
				CE39E8771D1DAED00004FE95 /* Debug */,
				CE39E87B1D1DAEE70004FE95 /* Alpha */,
				CE39E8831D1DAEF20004FE95 /* Release */,
				E12DE1601F772A1E0072C2FF /* Production */,
			);
			defaultConfigurationIsVisible = 0;
			defaultConfigurationName = Debug;
		};
		9D15752F1CB1B27500EA395E /* Build configuration list for PBXNativeTarget "WBooksUITests" */ = {
			isa = XCConfigurationList;
			buildConfigurations = (
				CE39E8781D1DAED00004FE95 /* Debug */,
				CE39E87C1D1DAEE70004FE95 /* Alpha */,
				CE39E8841D1DAEF20004FE95 /* Release */,
				E12DE1611F772A1E0072C2FF /* Production */,
			);
			defaultConfigurationIsVisible = 0;
			defaultConfigurationName = Debug;
		};
/* End XCConfigurationList section */
	};
	rootObject = 9D1574F91CB1B27500EA395E /* Project object */;
}
